{
  "lockfileVersion": 1,
  "generatedAt": "2025-10-27T00:00:00Z",
  "packages": {
    "requests": {
      "name": "requests",
      "version": "2.19.0",
      "resolved": "https://pypi.org/project/requests/2.19.0",
      "dependencies": {
        "urllib3": "1.24.1",
        "chardet": "3.0.4",
        "certifi": "2018.4.16",
        "idna": "2.6"
      },
      "vulnerabilities": [
        {
          "id": "CVE-2018-18074",
          "severity": "HIGH",
          "description": "requests < 2.20.0 may be vulnerable to ... (test data)"
        }
      ]
    },
    "urllib3": {
      "name": "urllib3",
      "version": "1.24.1",
      "resolved": "https://pypi.org/project/urllib3/1.24.1",
      "dependencies": {},
      "vulnerabilities": [
        {
          "id": "CVE-2019-11324",
          "severity": "HIGH",
          "description": "urllib3 < 1.25.3 had an issue ... (test data)"
        }
      ]
    },
    "django": {
      "name": "Django",
      "version": "1.11.29",
      "resolved": "https://pypi.org/project/Django/1.11.29",
      "dependencies": {},
      "vulnerabilities": [
        {
          "id": "CVE-2019-14234",
          "severity": "CRITICAL",
          "description": "Old Django 1.11.x versions contain multiple CVEs (test data)"
        }
      ]
    },
    "lodash": {
      "name": "lodash",
      "version": "4.17.19",
      "resolved": "https://registry.npmjs.org/lodash/-/lodash-4.17.19.tgz",
      "ecosystem": "npm",
      "vulnerabilities": [
        {
          "id": "CVE-2018-3721",
          "severity": "HIGH",
          "description": "Prototype pollution vulnerability (test data)"
        }
      ]
    },
    "nokogiri": {
      "name": "nokogiri",
      "version": "1.10.0",
      "resolved": "https://rubygems.org/gems/nokogiri/versions/1.10.0",
      "ecosystem": "rubygems",
      "vulnerabilities": [
        {
          "id": "CVE-2018-14404",
          "severity": "MEDIUM",
          "description": "Older nokogiri had parsing issues (test data)"
        }
      ]
    }
  },
  "metadata": {
    "note": "This uv.lock is synthetic & intended for SCA testing only. Do not use produced versions in production.",
    "created_by": "test-generator",
    "usage": "Place uv.lock in repo root; some scanners will read it as a lockfile. If your scanner needs a specific lockfile format, convert or map entries accordingly."
  }
}
